// !$*UTF8*$!
{
	archiveVersion = 1;
	classes = {
	};
	objectVersion = 56;
	objects = {

/* Begin PBXBuildFile section */
		A390FCC52B26E05700E2C0B5 /* GoogleService-Info.plist in Resources */ = {isa = PBXBuildFile; fileRef = A390FCC42B26E05700E2C0B5 /* GoogleService-Info.plist */; };
		A3F1F5062B137A7500BD31DA /* SwiftAuthApp.swift in Sources */ = {isa = PBXBuildFile; fileRef = A3F1F5052B137A7500BD31DA /* SwiftAuthApp.swift */; };
		A3F1F5082B137A7500BD31DA /* ContentView.swift in Sources */ = {isa = PBXBuildFile; fileRef = A3F1F5072B137A7500BD31DA /* ContentView.swift */; };
		A3F1F50A2B137A7700BD31DA /* Assets.xcassets in Resources */ = {isa = PBXBuildFile; fileRef = A3F1F5092B137A7700BD31DA /* Assets.xcassets */; };
		A3F1F50E2B137A7700BD31DA /* Preview Assets.xcassets in Resources */ = {isa = PBXBuildFile; fileRef = A3F1F50D2B137A7700BD31DA /* Preview Assets.xcassets */; };
		A3F1F51E2B137C8A00BD31DA /* LoginView.swift in Sources */ = {isa = PBXBuildFile; fileRef = A3F1F51D2B137C8A00BD31DA /* LoginView.swift */; };
		A3F1F5202B137E6A00BD31DA /* InputView.swift in Sources */ = {isa = PBXBuildFile; fileRef = A3F1F51F2B137E6A00BD31DA /* InputView.swift */; };
		A3F1F5222B1385C000BD31DA /* RegistrationView.swift in Sources */ = {isa = PBXBuildFile; fileRef = A3F1F5212B1385C000BD31DA /* RegistrationView.swift */; };
		A3F1F5242B13873400BD31DA /* CustomButtonView.swift in Sources */ = {isa = PBXBuildFile; fileRef = A3F1F5232B13873400BD31DA /* CustomButtonView.swift */; };
		A3F1F5262B1390A300BD31DA /* ProfileView.swift in Sources */ = {isa = PBXBuildFile; fileRef = A3F1F5252B1390A300BD31DA /* ProfileView.swift */; };
		A3F1F5282B1392CC00BD31DA /* SettingsRowView.swift in Sources */ = {isa = PBXBuildFile; fileRef = A3F1F5272B1392CC00BD31DA /* SettingsRowView.swift */; };
		A3F1F52A2B1396B600BD31DA /* User.swift in Sources */ = {isa = PBXBuildFile; fileRef = A3F1F5292B1396B600BD31DA /* User.swift */; };
		A3F1F5362B147A3600BD31DA /* FirebaseAuth in Frameworks */ = {isa = PBXBuildFile; productRef = A3F1F5352B147A3600BD31DA /* FirebaseAuth */; };
		A3F1F5382B147A3600BD31DA /* FirebaseFirestore in Frameworks */ = {isa = PBXBuildFile; productRef = A3F1F5372B147A3600BD31DA /* FirebaseFirestore */; };
		A3F1F53A2B147A3600BD31DA /* FirebaseFirestoreSwift in Frameworks */ = {isa = PBXBuildFile; productRef = A3F1F5392B147A3600BD31DA /* FirebaseFirestoreSwift */; };
		A3F1F53C2B147A3600BD31DA /* FirebaseMessaging in Frameworks */ = {isa = PBXBuildFile; productRef = A3F1F53B2B147A3600BD31DA /* FirebaseMessaging */; };
		A3F1F53E2B147A3600BD31DA /* FirebaseStorage in Frameworks */ = {isa = PBXBuildFile; productRef = A3F1F53D2B147A3600BD31DA /* FirebaseStorage */; };
		A3F1F5422B147ABB00BD31DA /* AuthModelView.swift in Sources */ = {isa = PBXBuildFile; fileRef = A3F1F5412B147ABA00BD31DA /* AuthModelView.swift */; };
/* End PBXBuildFile section */

/* Begin PBXFileReference section */
		A390FCC42B26E05700E2C0B5 /* GoogleService-Info.plist */ = {isa = PBXFileReference; lastKnownFileType = text.plist; path = "GoogleService-Info.plist"; sourceTree = SOURCE_ROOT; };
		A3F1F5022B137A7500BD31DA /* SwiftAuth.app */ = {isa = PBXFileReference; explicitFileType = wrapper.application; includeInIndex = 0; path = SwiftAuth.app; sourceTree = BUILT_PRODUCTS_DIR; };
		A3F1F5052B137A7500BD31DA /* SwiftAuthApp.swift */ = {isa = PBXFileReference; lastKnownFileType = sourcecode.swift; path = SwiftAuthApp.swift; sourceTree = "<group>"; };
		A3F1F5072B137A7500BD31DA /* ContentView.swift */ = {isa = PBXFileReference; lastKnownFileType = sourcecode.swift; path = ContentView.swift; sourceTree = "<group>"; };
		A3F1F5092B137A7700BD31DA /* Assets.xcassets */ = {isa = PBXFileReference; lastKnownFileType = folder.assetcatalog; path = Assets.xcassets; sourceTree = "<group>"; };
		A3F1F50B2B137A7700BD31DA /* SwiftAuth.entitlements */ = {isa = PBXFileReference; lastKnownFileType = text.plist.entitlements; path = SwiftAuth.entitlements; sourceTree = "<group>"; };
		A3F1F50D2B137A7700BD31DA /* Preview Assets.xcassets */ = {isa = PBXFileReference; lastKnownFileType = folder.assetcatalog; path = "Preview Assets.xcassets"; sourceTree = "<group>"; };
		A3F1F51D2B137C8A00BD31DA /* LoginView.swift */ = {isa = PBXFileReference; lastKnownFileType = sourcecode.swift; path = LoginView.swift; sourceTree = "<group>"; };
		A3F1F51F2B137E6A00BD31DA /* InputView.swift */ = {isa = PBXFileReference; lastKnownFileType = sourcecode.swift; path = InputView.swift; sourceTree = "<group>"; };
		A3F1F5212B1385C000BD31DA /* RegistrationView.swift */ = {isa = PBXFileReference; lastKnownFileType = sourcecode.swift; path = RegistrationView.swift; sourceTree = "<group>"; };
		A3F1F5232B13873400BD31DA /* CustomButtonView.swift */ = {isa = PBXFileReference; lastKnownFileType = sourcecode.swift; path = CustomButtonView.swift; sourceTree = "<group>"; };
		A3F1F5252B1390A300BD31DA /* ProfileView.swift */ = {isa = PBXFileReference; lastKnownFileType = sourcecode.swift; path = ProfileView.swift; sourceTree = "<group>"; };
		A3F1F5272B1392CC00BD31DA /* SettingsRowView.swift */ = {isa = PBXFileReference; lastKnownFileType = sourcecode.swift; path = SettingsRowView.swift; sourceTree = "<group>"; };
		A3F1F5292B1396B600BD31DA /* User.swift */ = {isa = PBXFileReference; lastKnownFileType = sourcecode.swift; path = User.swift; sourceTree = "<group>"; };
		A3F1F5412B147ABA00BD31DA /* AuthModelView.swift */ = {isa = PBXFileReference; lastKnownFileType = sourcecode.swift; path = AuthModelView.swift; sourceTree = "<group>"; };
/* End PBXFileReference section */

/* Begin PBXFrameworksBuildPhase section */
		A3F1F4FF2B137A7500BD31DA /* Frameworks */ = {
			isa = PBXFrameworksBuildPhase;
			buildActionMask = 2147483647;
			files = (
				A3F1F53C2B147A3600BD31DA /* FirebaseMessaging in Frameworks */,
				A3F1F5362B147A3600BD31DA /* FirebaseAuth in Frameworks */,
				A3F1F5382B147A3600BD31DA /* FirebaseFirestore in Frameworks */,
				A3F1F53E2B147A3600BD31DA /* FirebaseStorage in Frameworks */,
				A3F1F53A2B147A3600BD31DA /* FirebaseFirestoreSwift in Frameworks */,
			);
			runOnlyForDeploymentPostprocessing = 0;
		};
/* End PBXFrameworksBuildPhase section */

/* Begin PBXGroup section */
		A3F1F4F92B137A7400BD31DA = {
			isa = PBXGroup;
			children = (
				A3F1F5042B137A7500BD31DA /* SwiftAuth */,
				A3F1F5032B137A7500BD31DA /* Products */,
			);
			sourceTree = "<group>";
		};
		A3F1F5032B137A7500BD31DA /* Products */ = {
			isa = PBXGroup;
			children = (
				A3F1F5022B137A7500BD31DA /* SwiftAuth.app */,
			);
			name = Products;
			sourceTree = "<group>";
		};
		A3F1F5042B137A7500BD31DA /* SwiftAuth */ = {
			isa = PBXGroup;
			children = (
				A3F1F5172B137B5C00BD31DA /* App */,
				A3F1F5162B137B5A00BD31DA /* Components */,
				A3F1F5152B137B5900BD31DA /* Core */,
				A3F1F5142B137B5700BD31DA /* Model */,
				A3F1F5092B137A7700BD31DA /* Assets.xcassets */,
				A390FCC42B26E05700E2C0B5 /* GoogleService-Info.plist */,
				A3F1F50B2B137A7700BD31DA /* SwiftAuth.entitlements */,
				A3F1F50C2B137A7700BD31DA /* Preview Content */,
			);
			path = SwiftAuth;
			sourceTree = "<group>";
		};
		A3F1F50C2B137A7700BD31DA /* Preview Content */ = {
			isa = PBXGroup;
			children = (
				A3F1F50D2B137A7700BD31DA /* Preview Assets.xcassets */,
			);
			path = "Preview Content";
			sourceTree = "<group>";
		};
		A3F1F5142B137B5700BD31DA /* Model */ = {
			isa = PBXGroup;
			children = (
				A3F1F5292B1396B600BD31DA /* User.swift */,
			);
			path = Model;
			sourceTree = "<group>";
		};
		A3F1F5152B137B5900BD31DA /* Core */ = {
			isa = PBXGroup;
			children = (
				A3F1F51A2B137C1600BD31DA /* Profile */,
				A3F1F5192B137C0D00BD31DA /* Authentication */,
				A3F1F5182B137BEE00BD31DA /* Root */,
			);
			path = Core;
			sourceTree = "<group>";
		};
		A3F1F5162B137B5A00BD31DA /* Components */ = {
			isa = PBXGroup;
			children = (
				A3F1F51F2B137E6A00BD31DA /* InputView.swift */,
				A3F1F5232B13873400BD31DA /* CustomButtonView.swift */,
			);
			path = Components;
			sourceTree = "<group>";
		};
		A3F1F5172B137B5C00BD31DA /* App */ = {
			isa = PBXGroup;
			children = (
				A3F1F5052B137A7500BD31DA /* SwiftAuthApp.swift */,
			);
			path = App;
			sourceTree = "<group>";
		};
		A3F1F5182B137BEE00BD31DA /* Root */ = {
			isa = PBXGroup;
			children = (
				A3F1F5072B137A7500BD31DA /* ContentView.swift */,
			);
			path = Root;
			sourceTree = "<group>";
		};
		A3F1F5192B137C0D00BD31DA /* Authentication */ = {
			isa = PBXGroup;
			children = (
				A3F1F5402B147AA000BD31DA /* ModelView */,
				A3F1F53F2B147A9900BD31DA /* View */,
				A3F1F51D2B137C8A00BD31DA /* LoginView.swift */,
				A3F1F5212B1385C000BD31DA /* RegistrationView.swift */,
			);
			path = Authentication;
			sourceTree = "<group>";
		};
		A3F1F51A2B137C1600BD31DA /* Profile */ = {
			isa = PBXGroup;
			children = (
				A3F1F5252B1390A300BD31DA /* ProfileView.swift */,
				A3F1F5272B1392CC00BD31DA /* SettingsRowView.swift */,
			);
			path = Profile;
			sourceTree = "<group>";
		};
		A3F1F53F2B147A9900BD31DA /* View */ = {
			isa = PBXGroup;
			children = (
			);
			path = View;
			sourceTree = "<group>";
		};
		A3F1F5402B147AA000BD31DA /* ModelView */ = {
			isa = PBXGroup;
			children = (
				A3F1F5412B147ABA00BD31DA /* AuthModelView.swift */,
			);
			path = ModelView;
			sourceTree = "<group>";
		};
/* End PBXGroup section */

/* Begin PBXNativeTarget section */
		A3F1F5012B137A7500BD31DA /* SwiftAuth */ = {
			isa = PBXNativeTarget;
			buildConfigurationList = A3F1F5112B137A7700BD31DA /* Build configuration list for PBXNativeTarget "SwiftAuth" */;
			buildPhases = (
				A3F1F4FE2B137A7500BD31DA /* Sources */,
				A3F1F4FF2B137A7500BD31DA /* Frameworks */,
				A3F1F5002B137A7500BD31DA /* Resources */,
			);
			buildRules = (
			);
			dependencies = (
			);
			name = SwiftAuth;
			packageProductDependencies = (
				A3F1F5352B147A3600BD31DA /* FirebaseAuth */,
				A3F1F5372B147A3600BD31DA /* FirebaseFirestore */,
				A3F1F5392B147A3600BD31DA /* FirebaseFirestoreSwift */,
				A3F1F53B2B147A3600BD31DA /* FirebaseMessaging */,
				A3F1F53D2B147A3600BD31DA /* FirebaseStorage */,
			);
			productName = SwiftAuth;
			productReference = A3F1F5022B137A7500BD31DA /* SwiftAuth.app */;
			productType = "com.apple.product-type.application";
		};
/* End PBXNativeTarget section */

/* Begin PBXProject section */
		A3F1F4FA2B137A7400BD31DA /* Project object */ = {
			isa = PBXProject;
			attributes = {
				BuildIndependentTargetsInParallel = 1;
				LastSwiftUpdateCheck = 1430;
				LastUpgradeCheck = 1430;
				TargetAttributes = {
					A3F1F5012B137A7500BD31DA = {
						CreatedOnToolsVersion = 14.3.1;
					};
				};
			};
			buildConfigurationList = A3F1F4FD2B137A7400BD31DA /* Build configuration list for PBXProject "SwiftAuth" */;
			compatibilityVersion = "Xcode 14.0";
			developmentRegion = en;
			hasScannedForEncodings = 0;
			knownRegions = (
				en,
				Base,
			);
			mainGroup = A3F1F4F92B137A7400BD31DA;
			packageReferences = (
				A3F1F5342B147A3500BD31DA /* XCRemoteSwiftPackageReference "firebase-ios-sdk" */,
			);
			productRefGroup = A3F1F5032B137A7500BD31DA /* Products */;
			projectDirPath = "";
			projectRoot = "";
			targets = (
				A3F1F5012B137A7500BD31DA /* SwiftAuth */,
			);
		};
/* End PBXProject section */

/* Begin PBXResourcesBuildPhase section */
		A3F1F5002B137A7500BD31DA /* Resources */ = {
			isa = PBXResourcesBuildPhase;
			buildActionMask = 2147483647;
			files = (
				A3F1F50E2B137A7700BD31DA /* Preview Assets.xcassets in Resources */,
				A3F1F50A2B137A7700BD31DA /* Assets.xcassets in Resources */,
				A390FCC52B26E05700E2C0B5 /* GoogleService-Info.plist in Resources */,
			);
			runOnlyForDeploymentPostprocessing = 0;
		};
/* End PBXResourcesBuildPhase section */

/* Begin PBXSourcesBuildPhase section */
		A3F1F4FE2B137A7500BD31DA /* Sources */ = {
			isa = PBXSourcesBuildPhase;
			buildActionMask = 2147483647;
			files = (
				A3F1F51E2B137C8A00BD31DA /* LoginView.swift in Sources */,
				A3F1F5202B137E6A00BD31DA /* InputView.swift in Sources */,
				A3F1F5422B147ABB00BD31DA /* AuthModelView.swift in Sources */,
				A3F1F5082B137A7500BD31DA /* ContentView.swift in Sources */,
				A3F1F5242B13873400BD31DA /* CustomButtonView.swift in Sources */,
				A3F1F5282B1392CC00BD31DA /* SettingsRowView.swift in Sources */,
				A3F1F52A2B1396B600BD31DA /* User.swift in Sources */,
				A3F1F5062B137A7500BD31DA /* SwiftAuthApp.swift in Sources */,
				A3F1F5262B1390A300BD31DA /* ProfileView.swift in Sources */,
				A3F1F5222B1385C000BD31DA /* RegistrationView.swift in Sources */,
			);
			runOnlyForDeploymentPostprocessing = 0;
		};
/* End PBXSourcesBuildPhase section */

/* Begin XCBuildConfiguration section */
		A3F1F50F2B137A7700BD31DA /* Debug */ = {
			isa = XCBuildConfiguration;
			buildSettings = {
				ALWAYS_SEARCH_USER_PATHS = NO;
				CLANG_ANALYZER_NONNULL = YES;
				CLANG_ANALYZER_NUMBER_OBJECT_CONVERSION = YES_AGGRESSIVE;
				CLANG_CXX_LANGUAGE_STANDARD = "gnu++20";
				CLANG_ENABLE_MODULES = YES;
				CLANG_ENABLE_OBJC_ARC = YES;
				CLANG_ENABLE_OBJC_WEAK = YES;
				CLANG_WARN_BLOCK_CAPTURE_AUTORELEASING = YES;
				CLANG_WARN_BOOL_CONVERSION = YES;
				CLANG_WARN_COMMA = YES;
				CLANG_WARN_CONSTANT_CONVERSION = YES;
				CLANG_WARN_DEPRECATED_OBJC_IMPLEMENTATIONS = YES;
				CLANG_WARN_DIRECT_OBJC_ISA_USAGE = YES_ERROR;
				CLANG_WARN_DOCUMENTATION_COMMENTS = YES;
				CLANG_WARN_EMPTY_BODY = YES;
				CLANG_WARN_ENUM_CONVERSION = YES;
				CLANG_WARN_INFINITE_RECURSION = YES;
				CLANG_WARN_INT_CONVERSION = YES;
				CLANG_WARN_NON_LITERAL_NULL_CONVERSION = YES;
				CLANG_WARN_OBJC_IMPLICIT_RETAIN_SELF = YES;
				CLANG_WARN_OBJC_LITERAL_CONVERSION = YES;
				CLANG_WARN_OBJC_ROOT_CLASS = YES_ERROR;
				CLANG_WARN_QUOTED_INCLUDE_IN_FRAMEWORK_HEADER = YES;
				CLANG_WARN_RANGE_LOOP_ANALYSIS = YES;
				CLANG_WARN_STRICT_PROTOTYPES = YES;
				CLANG_WARN_SUSPICIOUS_MOVE = YES;
				CLANG_WARN_UNGUARDED_AVAILABILITY = YES_AGGRESSIVE;
				CLANG_WARN_UNREACHABLE_CODE = YES;
				CLANG_WARN__DUPLICATE_METHOD_MATCH = YES;
				COPY_PHASE_STRIP = NO;
				DEBUG_INFORMATION_FORMAT = dwarf;
				ENABLE_STRICT_OBJC_MSGSEND = YES;
				ENABLE_TESTABILITY = YES;
				GCC_C_LANGUAGE_STANDARD = gnu11;
				GCC_DYNAMIC_NO_PIC = NO;
				GCC_NO_COMMON_BLOCKS = YES;
				GCC_OPTIMIZATION_LEVEL = 0;
				GCC_PREPROCESSOR_DEFINITIONS = (
					"DEBUG=1",
					"$(inherited)",
				);
				GCC_WARN_64_TO_32_BIT_CONVERSION = YES;
				GCC_WARN_ABOUT_RETURN_TYPE = YES_ERROR;
				GCC_WARN_UNDECLARED_SELECTOR = YES;
				GCC_WARN_UNINITIALIZED_AUTOS = YES_AGGRESSIVE;
				GCC_WARN_UNUSED_FUNCTION = YES;
				GCC_WARN_UNUSED_VARIABLE = YES;
				MTL_ENABLE_DEBUG_INFO = INCLUDE_SOURCE;
				MTL_FAST_MATH = YES;
				ONLY_ACTIVE_ARCH = YES;
				SWIFT_ACTIVE_COMPILATION_CONDITIONS = DEBUG;
				SWIFT_OPTIMIZATION_LEVEL = "-Onone";
			};
			name = Debug;
		};
		A3F1F5102B137A7700BD31DA /* Release */ = {
			isa = XCBuildConfiguration;
			buildSettings = {
				ALWAYS_SEARCH_USER_PATHS = NO;
				CLANG_ANALYZER_NONNULL = YES;
				CLANG_ANALYZER_NUMBER_OBJECT_CONVERSION = YES_AGGRESSIVE;
				CLANG_CXX_LANGUAGE_STANDARD = "gnu++20";
				CLANG_ENABLE_MODULES = YES;
				CLANG_ENABLE_OBJC_ARC = YES;
				CLANG_ENABLE_OBJC_WEAK = YES;
				CLANG_WARN_BLOCK_CAPTURE_AUTORELEASING = YES;
				CLANG_WARN_BOOL_CONVERSION = YES;
				CLANG_WARN_COMMA = YES;
				CLANG_WARN_CONSTANT_CONVERSION = YES;
				CLANG_WARN_DEPRECATED_OBJC_IMPLEMENTATIONS = YES;
				CLANG_WARN_DIRECT_OBJC_ISA_USAGE = YES_ERROR;
				CLANG_WARN_DOCUMENTATION_COMMENTS = YES;
				CLANG_WARN_EMPTY_BODY = YES;
				CLANG_WARN_ENUM_CONVERSION = YES;
				CLANG_WARN_INFINITE_RECURSION = YES;
				CLANG_WARN_INT_CONVERSION = YES;
				CLANG_WARN_NON_LITERAL_NULL_CONVERSION = YES;
				CLANG_WARN_OBJC_IMPLICIT_RETAIN_SELF = YES;
				CLANG_WARN_OBJC_LITERAL_CONVERSION = YES;
				CLANG_WARN_OBJC_ROOT_CLASS = YES_ERROR;
				CLANG_WARN_QUOTED_INCLUDE_IN_FRAMEWORK_HEADER = YES;
				CLANG_WARN_RANGE_LOOP_ANALYSIS = YES;
				CLANG_WARN_STRICT_PROTOTYPES = YES;
				CLANG_WARN_SUSPICIOUS_MOVE = YES;
				CLANG_WARN_UNGUARDED_AVAILABILITY = YES_AGGRESSIVE;
				CLANG_WARN_UNREACHABLE_CODE = YES;
				CLANG_WARN__DUPLICATE_METHOD_MATCH = YES;
				COPY_PHASE_STRIP = NO;
				DEBUG_INFORMATION_FORMAT = "dwarf-with-dsym";
				ENABLE_NS_ASSERTIONS = NO;
				ENABLE_STRICT_OBJC_MSGSEND = YES;
				GCC_C_LANGUAGE_STANDARD = gnu11;
				GCC_NO_COMMON_BLOCKS = YES;
				GCC_WARN_64_TO_32_BIT_CONVERSION = YES;
				GCC_WARN_ABOUT_RETURN_TYPE = YES_ERROR;
				GCC_WARN_UNDECLARED_SELECTOR = YES;
				GCC_WARN_UNINITIALIZED_AUTOS = YES_AGGRESSIVE;
				GCC_WARN_UNUSED_FUNCTION = YES;
				GCC_WARN_UNUSED_VARIABLE = YES;
				MTL_ENABLE_DEBUG_INFO = NO;
				MTL_FAST_MATH = YES;
				SWIFT_COMPILATION_MODE = wholemodule;
				SWIFT_OPTIMIZATION_LEVEL = "-O";
			};
			name = Release;
		};
		A3F1F5122B137A7700BD31DA /* Debug */ = {
			isa = XCBuildConfiguration;
			buildSettings = {
				ASSETCATALOG_COMPILER_APPICON_NAME = AppIcon;
				ASSETCATALOG_COMPILER_GLOBAL_ACCENT_COLOR_NAME = AccentColor;
				CODE_SIGN_ENTITLEMENTS = SwiftAuth/SwiftAuth.entitlements;
				CODE_SIGN_STYLE = Automatic;
				CURRENT_PROJECT_VERSION = 1;
				DEVELOPMENT_ASSET_PATHS = "\"SwiftAuth/Preview Content\"";
				DEVELOPMENT_TEAM = H8Q452Q9H8;
				ENABLE_HARDENED_RUNTIME = YES;
				ENABLE_PREVIEWS = YES;
				GENERATE_INFOPLIST_FILE = YES;
				"INFOPLIST_KEY_UIApplicationSceneManifest_Generation[sdk=iphoneos*]" = YES;
				"INFOPLIST_KEY_UIApplicationSceneManifest_Generation[sdk=iphonesimulator*]" = YES;
				"INFOPLIST_KEY_UIApplicationSupportsIndirectInputEvents[sdk=iphoneos*]" = YES;
				"INFOPLIST_KEY_UIApplicationSupportsIndirectInputEvents[sdk=iphonesimulator*]" = YES;
				"INFOPLIST_KEY_UILaunchScreen_Generation[sdk=iphoneos*]" = YES;
				"INFOPLIST_KEY_UILaunchScreen_Generation[sdk=iphonesimulator*]" = YES;
				"INFOPLIST_KEY_UIStatusBarStyle[sdk=iphoneos*]" = UIStatusBarStyleDefault;
				"INFOPLIST_KEY_UIStatusBarStyle[sdk=iphonesimulator*]" = UIStatusBarStyleDefault;
				INFOPLIST_KEY_UISupportedInterfaceOrientations_iPad = "UIInterfaceOrientationPortrait UIInterfaceOrientationPortraitUpsideDown UIInterfaceOrientationLandscapeLeft UIInterfaceOrientationLandscapeRight";
				INFOPLIST_KEY_UISupportedInterfaceOrientations_iPhone = "UIInterfaceOrientationPortrait UIInterfaceOrientationLandscapeLeft UIInterfaceOrientationLandscapeRight";
				IPHONEOS_DEPLOYMENT_TARGET = 16.4;
				LD_RUNPATH_SEARCH_PATHS = "@executable_path/Frameworks";
				"LD_RUNPATH_SEARCH_PATHS[sdk=macosx*]" = "@executable_path/../Frameworks";
				MACOSX_DEPLOYMENT_TARGET = 13.2;
				MARKETING_VERSION = 1.0;
				PRODUCT_BUNDLE_IDENTIFIER = com.safiribytes.SwiftAuth;
				PRODUCT_NAME = "$(TARGET_NAME)";
				SDKROOT = auto;
				SUPPORTED_PLATFORMS = "iphoneos iphonesimulator macosx";
				SWIFT_EMIT_LOC_STRINGS = YES;
				SWIFT_VERSION = 5.0;
				TARGETED_DEVICE_FAMILY = "1,2";
			};
			name = Debug;
		};
		A3F1F5132B137A7700BD31DA /* Release */ = {
			isa = XCBuildConfiguration;
			buildSettings = {
				ASSETCATALOG_COMPILER_APPICON_NAME = AppIcon;
				ASSETCATALOG_COMPILER_GLOBAL_ACCENT_COLOR_NAME = AccentColor;
				CODE_SIGN_ENTITLEMENTS = SwiftAuth/SwiftAuth.entitlements;
				CODE_SIGN_STYLE = Automatic;
				CURRENT_PROJECT_VERSION = 1;
				DEVELOPMENT_ASSET_PATHS = "\"SwiftAuth/Preview Content\"";
				DEVELOPMENT_TEAM = H8Q452Q9H8;
				ENABLE_HARDENED_RUNTIME = YES;
				ENABLE_PREVIEWS = YES;
				GENERATE_INFOPLIST_FILE = YES;
				"INFOPLIST_KEY_UIApplicationSceneManifest_Generation[sdk=iphoneos*]" = YES;
				"INFOPLIST_KEY_UIApplicationSceneManifest_Generation[sdk=iphonesimulator*]" = YES;
				"INFOPLIST_KEY_UIApplicationSupportsIndirectInputEvents[sdk=iphoneos*]" = YES;
				"INFOPLIST_KEY_UIApplicationSupportsIndirectInputEvents[sdk=iphonesimulator*]" = YES;
				"INFOPLIST_KEY_UILaunchScreen_Generation[sdk=iphoneos*]" = YES;
				"INFOPLIST_KEY_UILaunchScreen_Generation[sdk=iphonesimulator*]" = YES;
				"INFOPLIST_KEY_UIStatusBarStyle[sdk=iphoneos*]" = UIStatusBarStyleDefault;
				"INFOPLIST_KEY_UIStatusBarStyle[sdk=iphonesimulator*]" = UIStatusBarStyleDefault;
				INFOPLIST_KEY_UISupportedInterfaceOrientations_iPad = "UIInterfaceOrientationPortrait UIInterfaceOrientationPortraitUpsideDown UIInterfaceOrientationLandscapeLeft UIInterfaceOrientationLandscapeRight";
				INFOPLIST_KEY_UISupportedInterfaceOrientations_iPhone = "UIInterfaceOrientationPortrait UIInterfaceOrientationLandscapeLeft UIInterfaceOrientationLandscapeRight";
				IPHONEOS_DEPLOYMENT_TARGET = 16.4;
				LD_RUNPATH_SEARCH_PATHS = "@executable_path/Frameworks";
				"LD_RUNPATH_SEARCH_PATHS[sdk=macosx*]" = "@executable_path/../Frameworks";
				MACOSX_DEPLOYMENT_TARGET = 13.2;
				MARKETING_VERSION = 1.0;
				PRODUCT_BUNDLE_IDENTIFIER = com.safiribytes.SwiftAuth;
				PRODUCT_NAME = "$(TARGET_NAME)";
				SDKROOT = auto;
				SUPPORTED_PLATFORMS = "iphoneos iphonesimulator macosx";
				SWIFT_EMIT_LOC_STRINGS = YES;
				SWIFT_VERSION = 5.0;
				TARGETED_DEVICE_FAMILY = "1,2";
			};
			name = Release;
		};
/* End XCBuildConfiguration section */

/* Begin XCConfigurationList section */
		A3F1F4FD2B137A7400BD31DA /* Build configuration list for PBXProject "SwiftAuth" */ = {
			isa = XCConfigurationList;
			buildConfigurations = (
				A3F1F50F2B137A7700BD31DA /* Debug */,
				A3F1F5102B137A7700BD31DA /* Release */,
			);
			defaultConfigurationIsVisible = 0;
			defaultConfigurationName = Release;
		};
		A3F1F5112B137A7700BD31DA /* Build configuration list for PBXNativeTarget "SwiftAuth" */ = {
			isa = XCConfigurationList;
			buildConfigurations = (
				A3F1F5122B137A7700BD31DA /* Debug */,
				A3F1F5132B137A7700BD31DA /* Release */,
			);
			defaultConfigurationIsVisible = 0;
			defaultConfigurationName = Release;
		};
/* End XCConfigurationList section */

/* Begin XCRemoteSwiftPackageReference section */
		A3F1F5342B147A3500BD31DA /* XCRemoteSwiftPackageReference "firebase-ios-sdk" */ = {
			isa = XCRemoteSwiftPackageReference;
			repositoryURL = "https://github.com/firebase/firebase-ios-sdk";
			requirement = {
				kind = upToNextMajorVersion;
				minimumVersion = 10.0.0;
			};
		};
/* End XCRemoteSwiftPackageReference section */

/* Begin XCSwiftPackageProductDependency section */
		A3F1F5352B147A3600BD31DA /* FirebaseAuth */ = {
			isa = XCSwiftPackageProductDependency;
			package = A3F1F5342B147A3500BD31DA /* XCRemoteSwiftPackageReference "firebase-ios-sdk" */;
			productName = FirebaseAuth;
		};
		A3F1F5372B147A3600BD31DA /* FirebaseFirestore */ = {
			isa = XCSwiftPackageProductDependency;
			package = A3F1F5342B147A3500BD31DA /* XCRemoteSwiftPackageReference "firebase-ios-sdk" */;
			productName = FirebaseFirestore;
		};
		A3F1F5392B147A3600BD31DA /* FirebaseFirestoreSwift */ = {
			isa = XCSwiftPackageProductDependency;
			package = A3F1F5342B147A3500BD31DA /* XCRemoteSwiftPackageReference "firebase-ios-sdk" */;
			productName = FirebaseFirestoreSwift;
		};
		A3F1F53B2B147A3600BD31DA /* FirebaseMessaging */ = {
			isa = XCSwiftPackageProductDependency;
			package = A3F1F5342B147A3500BD31DA /* XCRemoteSwiftPackageReference "firebase-ios-sdk" */;
			productName = FirebaseMessaging;
		};
		A3F1F53D2B147A3600BD31DA /* FirebaseStorage */ = {
			isa = XCSwiftPackageProductDependency;
			package = A3F1F5342B147A3500BD31DA /* XCRemoteSwiftPackageReference "firebase-ios-sdk" */;
			productName = FirebaseStorage;
		};
/* End XCSwiftPackageProductDependency section */
	};
	rootObject = A3F1F4FA2B137A7400BD31DA /* Project object */;
}
